
Microsoft Visual Studio Solution File, Format Version 12.00
# Visual Studio 2015
Project("{FAE04EC0-301F-11D3-BF4B-00C04F79EFBC}") = "gam112.CSharp", "gam112.CSharp.csproj", "{DDADFDDD-087E-B664-9430-5A85C77E8977}"
EndProject
Global
	GlobalSection(SolutionConfigurationPlatforms) = preSolution
		Debug|Any CPU = Debug|Any CPU
		Release|Any CPU = Release|Any CPU
	EndGlobalSection
	GlobalSection(ProjectConfigurationPlatforms) = postSolution
		{DDADFDDD-087E-B664-9430-5A85C77E8977}.Debug|Any CPU.ActiveCfg = Debug|Any CPU
		{DDADFDDD-087E-B664-9430-5A85C77E8977}.Debug|Any CPU.Build.0 = Debug|Any CPU
		{DDADFDDD-087E-B664-9430-5A85C77E8977}.Release|Any CPU.ActiveCfg = Release|Any CPU
		{DDADFDDD-087E-B664-9430-5A85C77E8977}.Release|Any CPU.Build.0 = Release|Any CPU
	EndGlobalSection
	GlobalSection(SolutionProperties) = preSolution
		HideSolutionNode = FALSE
	EndGlobalSection
EndGlobal
